# THIS IS AN AUTOGENERATED FILE. DO NOT EDIT THIS FILE DIRECTLY.
# yarn lockfile v1


"@types/webgl2@0.0.4":
  version "0.0.4"
  resolved "https://registry.yarnpkg.com/@types/webgl2/-/webgl2-0.0.4.tgz#c3b0f9d6b465c66138e84e64cb3bdf8373c2c279"
  integrity sha512-PACt1xdErJbMUOUweSrbVM7gSIYm1vTncW2hF6Os/EeWi6TXYAYMPp+8v6rzHmypE5gHrxaxZNXgMkJVIdZpHw==

"three@github:mozillareality/three.js#hubs/master":
  version "0.105.1"
  resolved "https://codeload.github.com/mozillareality/three.js/tar.gz/6041920b6f3c8929ee631a5e14460bf9db85835d"
